
Microsoft Visual Studio Solution File, Format Version 12.00
# Visual Studio 2012
Project("{FAE04EC0-301F-11D3-BF4B-00C04F79EFBC}") = "FlatRedBall-Spriter", "..\flatredball-spriter\FlatRedBall-Spriter\FlatRedBall-Spriter.csproj", "{1A1A158C-5EDE-4750-8BD0-62FAEB1C21DD}"
EndProject
Project("{FAE04EC0-301F-11D3-BF4B-00C04F79EFBC}") = "flatredball-spriter-test", "..\flatredball-spriter-test\flatredball-spriter-test.csproj", "{FEB70393-A1C4-433A-AE50-8B16B276EAE3}"
EndProject
Project("{2150E333-8FDC-42A3-9474-1A3956D46DE8}") = "Solution Items", "Solution Items", "{0E0D9F5E-4F34-400D-B1C3-9115B0BCC83B}"
	ProjectSection(SolutionItems) = preProject
		Local.testsettings = Local.testsettings
		spritertestgame.vsmdi = spritertestgame.vsmdi
		TraceAndTestImpact.testsettings = TraceAndTestImpact.testsettings
	EndProjectSection
EndProject
Project("{FAE04EC0-301F-11D3-BF4B-00C04F79EFBC}") = "Scurvy.Test", "..\scurvy\Scurvy.Test\Scurvy.Test.csproj", "{71B312F5-1697-4CBD-BE67-AC0D3C34D115}"
EndProject
Project("{FAE04EC0-301F-11D3-BF4B-00C04F79EFBC}") = "XNATest", "..\scurvy\XNATest\XNATest.csproj", "{9F339A9B-201E-4D8E-B44A-3E25950BAE5A}"
EndProject
Project("{2150E333-8FDC-42A3-9474-1A3956D46DE8}") = "Tests", "Tests", "{CEF3C4D9-560C-4C22-BEE8-4BB1ADB53161}"
EndProject
Project("{FAE04EC0-301F-11D3-BF4B-00C04F79EFBC}") = "SpriterPlugin", "..\SpriterPlugin\SpriterPlugin\SpriterPlugin.csproj", "{D73086FC-957E-4E3F-97FA-742CBBF02EA6}"
EndProject
Project("{2150E333-8FDC-42A3-9474-1A3956D46DE8}") = ".nuget", ".nuget", "{AF3FADA1-6956-4238-A19D-E46E2978FF69}"
	ProjectSection(SolutionItems) = preProject
		.nuget\NuGet.Config = .nuget\NuGet.Config
		.nuget\NuGet.exe = .nuget\NuGet.exe
		.nuget\NuGet.targets = .nuget\NuGet.targets
	EndProjectSection
EndProject
Project("{FAE04EC0-301F-11D3-BF4B-00C04F79EFBC}") = "spritertestgame", "spritertestgame\spritertestgame\spritertestgame.csproj", "{649DE040-99C6-4838-ADA3-533D0DBD4325}"
EndProject
Project("{FAE04EC0-301F-11D3-BF4B-00C04F79EFBC}") = "FlatRedBallExtensions", "FlatRedBallExtensions\FlatRedBallExtensions.csproj", "{D4D59D5B-C3AE-48C8-9113-7EBD09FD721B}"
EndProject
Project("{FAE04EC0-301F-11D3-BF4B-00C04F79EFBC}") = "flatredball-extensions-tests", "..\flatredball-extensions-tests\flatredball-extensions-tests.csproj", "{CFFC0433-2DD9-49B0-AFE5-8FB513DD24FE}"
EndProject
Global
	GlobalSection(TestCaseManagementSettings) = postSolution
		CategoryFile = spritertestgame.vsmdi
	EndGlobalSection
	GlobalSection(SolutionConfigurationPlatforms) = preSolution
		Debug|Any CPU = Debug|Any CPU
		Debug|Mixed Platforms = Debug|Mixed Platforms
		Debug|x86 = Debug|x86
		DebugProfile|Any CPU = DebugProfile|Any CPU
		DebugProfile|Mixed Platforms = DebugProfile|Mixed Platforms
		DebugProfile|x86 = DebugProfile|x86
		Profile|Any CPU = Profile|Any CPU
		Profile|Mixed Platforms = Profile|Mixed Platforms
		Profile|x86 = Profile|x86
		Release|Any CPU = Release|Any CPU
		Release|Mixed Platforms = Release|Mixed Platforms
		Release|x86 = Release|x86
	EndGlobalSection
	GlobalSection(ProjectConfigurationPlatforms) = postSolution
		{1A1A158C-5EDE-4750-8BD0-62FAEB1C21DD}.Debug|Any CPU.ActiveCfg = Debug|Any CPU
		{1A1A158C-5EDE-4750-8BD0-62FAEB1C21DD}.Debug|Any CPU.Build.0 = Debug|Any CPU
		{1A1A158C-5EDE-4750-8BD0-62FAEB1C21DD}.Debug|Mixed Platforms.ActiveCfg = Debug|Any CPU
		{1A1A158C-5EDE-4750-8BD0-62FAEB1C21DD}.Debug|Mixed Platforms.Build.0 = Debug|Any CPU
		{1A1A158C-5EDE-4750-8BD0-62FAEB1C21DD}.Debug|x86.ActiveCfg = Debug|Any CPU
		{1A1A158C-5EDE-4750-8BD0-62FAEB1C21DD}.DebugProfile|Any CPU.ActiveCfg = Debug|Any CPU
		{1A1A158C-5EDE-4750-8BD0-62FAEB1C21DD}.DebugProfile|Any CPU.Build.0 = Debug|Any CPU
		{1A1A158C-5EDE-4750-8BD0-62FAEB1C21DD}.DebugProfile|Mixed Platforms.ActiveCfg = Debug|Any CPU
		{1A1A158C-5EDE-4750-8BD0-62FAEB1C21DD}.DebugProfile|Mixed Platforms.Build.0 = Debug|Any CPU
		{1A1A158C-5EDE-4750-8BD0-62FAEB1C21DD}.DebugProfile|x86.ActiveCfg = Debug|Any CPU
		{1A1A158C-5EDE-4750-8BD0-62FAEB1C21DD}.Profile|Any CPU.ActiveCfg = Release|Any CPU
		{1A1A158C-5EDE-4750-8BD0-62FAEB1C21DD}.Profile|Any CPU.Build.0 = Release|Any CPU
		{1A1A158C-5EDE-4750-8BD0-62FAEB1C21DD}.Profile|Mixed Platforms.ActiveCfg = Release|Any CPU
		{1A1A158C-5EDE-4750-8BD0-62FAEB1C21DD}.Profile|Mixed Platforms.Build.0 = Release|Any CPU
		{1A1A158C-5EDE-4750-8BD0-62FAEB1C21DD}.Profile|x86.ActiveCfg = Release|Any CPU
		{1A1A158C-5EDE-4750-8BD0-62FAEB1C21DD}.Release|Any CPU.ActiveCfg = Release|Any CPU
		{1A1A158C-5EDE-4750-8BD0-62FAEB1C21DD}.Release|Any CPU.Build.0 = Release|Any CPU
		{1A1A158C-5EDE-4750-8BD0-62FAEB1C21DD}.Release|Mixed Platforms.ActiveCfg = Release|Any CPU
		{1A1A158C-5EDE-4750-8BD0-62FAEB1C21DD}.Release|Mixed Platforms.Build.0 = Release|Any CPU
		{1A1A158C-5EDE-4750-8BD0-62FAEB1C21DD}.Release|x86.ActiveCfg = Release|Any CPU
		{FEB70393-A1C4-433A-AE50-8B16B276EAE3}.Debug|Any CPU.ActiveCfg = Debug|Any CPU
		{FEB70393-A1C4-433A-AE50-8B16B276EAE3}.Debug|Any CPU.Build.0 = Debug|Any CPU
		{FEB70393-A1C4-433A-AE50-8B16B276EAE3}.Debug|Mixed Platforms.ActiveCfg = Debug|Any CPU
		{FEB70393-A1C4-433A-AE50-8B16B276EAE3}.Debug|Mixed Platforms.Build.0 = Debug|Any CPU
		{FEB70393-A1C4-433A-AE50-8B16B276EAE3}.Debug|x86.ActiveCfg = Debug|Any CPU
		{FEB70393-A1C4-433A-AE50-8B16B276EAE3}.DebugProfile|Any CPU.ActiveCfg = Debug|Any CPU
		{FEB70393-A1C4-433A-AE50-8B16B276EAE3}.DebugProfile|Any CPU.Build.0 = Debug|Any CPU
		{FEB70393-A1C4-433A-AE50-8B16B276EAE3}.DebugProfile|Mixed Platforms.ActiveCfg = Debug|Any CPU
		{FEB70393-A1C4-433A-AE50-8B16B276EAE3}.DebugProfile|Mixed Platforms.Build.0 = Debug|Any CPU
		{FEB70393-A1C4-433A-AE50-8B16B276EAE3}.DebugProfile|x86.ActiveCfg = Debug|Any CPU
		{FEB70393-A1C4-433A-AE50-8B16B276EAE3}.Profile|Any CPU.ActiveCfg = Release|Any CPU
		{FEB70393-A1C4-433A-AE50-8B16B276EAE3}.Profile|Any CPU.Build.0 = Release|Any CPU
		{FEB70393-A1C4-433A-AE50-8B16B276EAE3}.Profile|Mixed Platforms.ActiveCfg = Release|Any CPU
		{FEB70393-A1C4-433A-AE50-8B16B276EAE3}.Profile|Mixed Platforms.Build.0 = Release|Any CPU
		{FEB70393-A1C4-433A-AE50-8B16B276EAE3}.Profile|x86.ActiveCfg = Release|Any CPU
		{FEB70393-A1C4-433A-AE50-8B16B276EAE3}.Release|Any CPU.ActiveCfg = Release|Any CPU
		{FEB70393-A1C4-433A-AE50-8B16B276EAE3}.Release|Any CPU.Build.0 = Release|Any CPU
		{FEB70393-A1C4-433A-AE50-8B16B276EAE3}.Release|Mixed Platforms.ActiveCfg = Release|Any CPU
		{FEB70393-A1C4-433A-AE50-8B16B276EAE3}.Release|Mixed Platforms.Build.0 = Release|Any CPU
		{FEB70393-A1C4-433A-AE50-8B16B276EAE3}.Release|x86.ActiveCfg = Release|Any CPU
		{71B312F5-1697-4CBD-BE67-AC0D3C34D115}.Debug|Any CPU.ActiveCfg = Debug|Any CPU
		{71B312F5-1697-4CBD-BE67-AC0D3C34D115}.Debug|Any CPU.Build.0 = Debug|Any CPU
		{71B312F5-1697-4CBD-BE67-AC0D3C34D115}.Debug|Mixed Platforms.ActiveCfg = Debug|Any CPU
		{71B312F5-1697-4CBD-BE67-AC0D3C34D115}.Debug|Mixed Platforms.Build.0 = Debug|Any CPU
		{71B312F5-1697-4CBD-BE67-AC0D3C34D115}.Debug|x86.ActiveCfg = Debug|Any CPU
		{71B312F5-1697-4CBD-BE67-AC0D3C34D115}.DebugProfile|Any CPU.ActiveCfg = Debug|Any CPU
		{71B312F5-1697-4CBD-BE67-AC0D3C34D115}.DebugProfile|Any CPU.Build.0 = Debug|Any CPU
		{71B312F5-1697-4CBD-BE67-AC0D3C34D115}.DebugProfile|Mixed Platforms.ActiveCfg = Debug|Any CPU
		{71B312F5-1697-4CBD-BE67-AC0D3C34D115}.DebugProfile|Mixed Platforms.Build.0 = Debug|Any CPU
		{71B312F5-1697-4CBD-BE67-AC0D3C34D115}.DebugProfile|x86.ActiveCfg = Debug|Any CPU
		{71B312F5-1697-4CBD-BE67-AC0D3C34D115}.Profile|Any CPU.ActiveCfg = Release|Any CPU
		{71B312F5-1697-4CBD-BE67-AC0D3C34D115}.Profile|Any CPU.Build.0 = Release|Any CPU
		{71B312F5-1697-4CBD-BE67-AC0D3C34D115}.Profile|Mixed Platforms.ActiveCfg = Release|Any CPU
		{71B312F5-1697-4CBD-BE67-AC0D3C34D115}.Profile|Mixed Platforms.Build.0 = Release|Any CPU
		{71B312F5-1697-4CBD-BE67-AC0D3C34D115}.Profile|x86.ActiveCfg = Release|Any CPU
		{71B312F5-1697-4CBD-BE67-AC0D3C34D115}.Release|Any CPU.ActiveCfg = Release|Any CPU
		{71B312F5-1697-4CBD-BE67-AC0D3C34D115}.Release|Any CPU.Build.0 = Release|Any CPU
		{71B312F5-1697-4CBD-BE67-AC0D3C34D115}.Release|Mixed Platforms.ActiveCfg = Release|Any CPU
		{71B312F5-1697-4CBD-BE67-AC0D3C34D115}.Release|Mixed Platforms.Build.0 = Release|Any CPU
		{71B312F5-1697-4CBD-BE67-AC0D3C34D115}.Release|x86.ActiveCfg = Release|Any CPU
		{9F339A9B-201E-4D8E-B44A-3E25950BAE5A}.Debug|Any CPU.ActiveCfg = Debug|Any CPU
		{9F339A9B-201E-4D8E-B44A-3E25950BAE5A}.Debug|Any CPU.Build.0 = Debug|Any CPU
		{9F339A9B-201E-4D8E-B44A-3E25950BAE5A}.Debug|Mixed Platforms.ActiveCfg = Debug|Any CPU
		{9F339A9B-201E-4D8E-B44A-3E25950BAE5A}.Debug|Mixed Platforms.Build.0 = Debug|Any CPU
		{9F339A9B-201E-4D8E-B44A-3E25950BAE5A}.Debug|x86.ActiveCfg = Debug|Any CPU
		{9F339A9B-201E-4D8E-B44A-3E25950BAE5A}.DebugProfile|Any CPU.ActiveCfg = Debug|Any CPU
		{9F339A9B-201E-4D8E-B44A-3E25950BAE5A}.DebugProfile|Any CPU.Build.0 = Debug|Any CPU
		{9F339A9B-201E-4D8E-B44A-3E25950BAE5A}.DebugProfile|Mixed Platforms.ActiveCfg = Debug|Any CPU
		{9F339A9B-201E-4D8E-B44A-3E25950BAE5A}.DebugProfile|Mixed Platforms.Build.0 = Debug|Any CPU
		{9F339A9B-201E-4D8E-B44A-3E25950BAE5A}.DebugProfile|x86.ActiveCfg = Debug|Any CPU
		{9F339A9B-201E-4D8E-B44A-3E25950BAE5A}.Profile|Any CPU.ActiveCfg = Release|Any CPU
		{9F339A9B-201E-4D8E-B44A-3E25950BAE5A}.Profile|Any CPU.Build.0 = Release|Any CPU
		{9F339A9B-201E-4D8E-B44A-3E25950BAE5A}.Profile|Mixed Platforms.ActiveCfg = Release|Any CPU
		{9F339A9B-201E-4D8E-B44A-3E25950BAE5A}.Profile|Mixed Platforms.Build.0 = Release|Any CPU
		{9F339A9B-201E-4D8E-B44A-3E25950BAE5A}.Profile|x86.ActiveCfg = Release|Any CPU
		{9F339A9B-201E-4D8E-B44A-3E25950BAE5A}.Release|Any CPU.ActiveCfg = Release|Any CPU
		{9F339A9B-201E-4D8E-B44A-3E25950BAE5A}.Release|Any CPU.Build.0 = Release|Any CPU
		{9F339A9B-201E-4D8E-B44A-3E25950BAE5A}.Release|Mixed Platforms.ActiveCfg = Release|Any CPU
		{9F339A9B-201E-4D8E-B44A-3E25950BAE5A}.Release|Mixed Platforms.Build.0 = Release|Any CPU
		{9F339A9B-201E-4D8E-B44A-3E25950BAE5A}.Release|x86.ActiveCfg = Release|Any CPU
		{D73086FC-957E-4E3F-97FA-742CBBF02EA6}.Debug|Any CPU.ActiveCfg = Debug|Any CPU
		{D73086FC-957E-4E3F-97FA-742CBBF02EA6}.Debug|Any CPU.Build.0 = Debug|Any CPU
		{D73086FC-957E-4E3F-97FA-742CBBF02EA6}.Debug|Mixed Platforms.ActiveCfg = Debug|Any CPU
		{D73086FC-957E-4E3F-97FA-742CBBF02EA6}.Debug|Mixed Platforms.Build.0 = Debug|Any CPU
		{D73086FC-957E-4E3F-97FA-742CBBF02EA6}.Debug|x86.ActiveCfg = Debug|Any CPU
		{D73086FC-957E-4E3F-97FA-742CBBF02EA6}.DebugProfile|Any CPU.ActiveCfg = Debug|Any CPU
		{D73086FC-957E-4E3F-97FA-742CBBF02EA6}.DebugProfile|Any CPU.Build.0 = Debug|Any CPU
		{D73086FC-957E-4E3F-97FA-742CBBF02EA6}.DebugProfile|Mixed Platforms.ActiveCfg = Debug|Any CPU
		{D73086FC-957E-4E3F-97FA-742CBBF02EA6}.DebugProfile|Mixed Platforms.Build.0 = Debug|Any CPU
		{D73086FC-957E-4E3F-97FA-742CBBF02EA6}.DebugProfile|x86.ActiveCfg = Debug|Any CPU
		{D73086FC-957E-4E3F-97FA-742CBBF02EA6}.Profile|Any CPU.ActiveCfg = Release|Any CPU
		{D73086FC-957E-4E3F-97FA-742CBBF02EA6}.Profile|Any CPU.Build.0 = Release|Any CPU
		{D73086FC-957E-4E3F-97FA-742CBBF02EA6}.Profile|Mixed Platforms.ActiveCfg = Release|Any CPU
		{D73086FC-957E-4E3F-97FA-742CBBF02EA6}.Profile|Mixed Platforms.Build.0 = Release|Any CPU
		{D73086FC-957E-4E3F-97FA-742CBBF02EA6}.Profile|x86.ActiveCfg = Release|Any CPU
		{D73086FC-957E-4E3F-97FA-742CBBF02EA6}.Release|Any CPU.ActiveCfg = Release|Any CPU
		{D73086FC-957E-4E3F-97FA-742CBBF02EA6}.Release|Any CPU.Build.0 = Release|Any CPU
		{D73086FC-957E-4E3F-97FA-742CBBF02EA6}.Release|Mixed Platforms.ActiveCfg = Release|Any CPU
		{D73086FC-957E-4E3F-97FA-742CBBF02EA6}.Release|Mixed Platforms.Build.0 = Release|Any CPU
		{D73086FC-957E-4E3F-97FA-742CBBF02EA6}.Release|x86.ActiveCfg = Release|Any CPU
		{649DE040-99C6-4838-ADA3-533D0DBD4325}.Debug|Any CPU.ActiveCfg = Debug|x86
		{649DE040-99C6-4838-ADA3-533D0DBD4325}.Debug|Mixed Platforms.ActiveCfg = Debug|x86
		{649DE040-99C6-4838-ADA3-533D0DBD4325}.Debug|Mixed Platforms.Build.0 = Debug|x86
		{649DE040-99C6-4838-ADA3-533D0DBD4325}.Debug|x86.ActiveCfg = Debug|x86
		{649DE040-99C6-4838-ADA3-533D0DBD4325}.Debug|x86.Build.0 = Debug|x86
		{649DE040-99C6-4838-ADA3-533D0DBD4325}.DebugProfile|Any CPU.ActiveCfg = Debug|x86
		{649DE040-99C6-4838-ADA3-533D0DBD4325}.DebugProfile|Mixed Platforms.ActiveCfg = Debug|x86
		{649DE040-99C6-4838-ADA3-533D0DBD4325}.DebugProfile|Mixed Platforms.Build.0 = Debug|x86
		{649DE040-99C6-4838-ADA3-533D0DBD4325}.DebugProfile|x86.ActiveCfg = Debug|x86
		{649DE040-99C6-4838-ADA3-533D0DBD4325}.DebugProfile|x86.Build.0 = Debug|x86
		{649DE040-99C6-4838-ADA3-533D0DBD4325}.Profile|Any CPU.ActiveCfg = Release|x86
		{649DE040-99C6-4838-ADA3-533D0DBD4325}.Profile|Mixed Platforms.ActiveCfg = Release|x86
		{649DE040-99C6-4838-ADA3-533D0DBD4325}.Profile|Mixed Platforms.Build.0 = Release|x86
		{649DE040-99C6-4838-ADA3-533D0DBD4325}.Profile|x86.ActiveCfg = Release|x86
		{649DE040-99C6-4838-ADA3-533D0DBD4325}.Profile|x86.Build.0 = Release|x86
		{649DE040-99C6-4838-ADA3-533D0DBD4325}.Release|Any CPU.ActiveCfg = Release|x86
		{649DE040-99C6-4838-ADA3-533D0DBD4325}.Release|Mixed Platforms.ActiveCfg = Release|x86
		{649DE040-99C6-4838-ADA3-533D0DBD4325}.Release|Mixed Platforms.Build.0 = Release|x86
		{649DE040-99C6-4838-ADA3-533D0DBD4325}.Release|x86.ActiveCfg = Release|x86
		{649DE040-99C6-4838-ADA3-533D0DBD4325}.Release|x86.Build.0 = Release|x86
		{D4D59D5B-C3AE-48C8-9113-7EBD09FD721B}.Debug|Any CPU.ActiveCfg = Debug|Any CPU
		{D4D59D5B-C3AE-48C8-9113-7EBD09FD721B}.Debug|Any CPU.Build.0 = Debug|Any CPU
		{D4D59D5B-C3AE-48C8-9113-7EBD09FD721B}.Debug|Mixed Platforms.ActiveCfg = Debug|Any CPU
		{D4D59D5B-C3AE-48C8-9113-7EBD09FD721B}.Debug|Mixed Platforms.Build.0 = Debug|Any CPU
		{D4D59D5B-C3AE-48C8-9113-7EBD09FD721B}.Debug|x86.ActiveCfg = Debug|Any CPU
		{D4D59D5B-C3AE-48C8-9113-7EBD09FD721B}.DebugProfile|Any CPU.ActiveCfg = Debug|Any CPU
		{D4D59D5B-C3AE-48C8-9113-7EBD09FD721B}.DebugProfile|Any CPU.Build.0 = Debug|Any CPU
		{D4D59D5B-C3AE-48C8-9113-7EBD09FD721B}.DebugProfile|Mixed Platforms.ActiveCfg = Debug|Any CPU
		{D4D59D5B-C3AE-48C8-9113-7EBD09FD721B}.DebugProfile|Mixed Platforms.Build.0 = Debug|Any CPU
		{D4D59D5B-C3AE-48C8-9113-7EBD09FD721B}.DebugProfile|x86.ActiveCfg = Debug|Any CPU
		{D4D59D5B-C3AE-48C8-9113-7EBD09FD721B}.Profile|Any CPU.ActiveCfg = Release|Any CPU
		{D4D59D5B-C3AE-48C8-9113-7EBD09FD721B}.Profile|Any CPU.Build.0 = Release|Any CPU
		{D4D59D5B-C3AE-48C8-9113-7EBD09FD721B}.Profile|Mixed Platforms.ActiveCfg = Release|Any CPU
		{D4D59D5B-C3AE-48C8-9113-7EBD09FD721B}.Profile|Mixed Platforms.Build.0 = Release|Any CPU
		{D4D59D5B-C3AE-48C8-9113-7EBD09FD721B}.Profile|x86.ActiveCfg = Release|Any CPU
		{D4D59D5B-C3AE-48C8-9113-7EBD09FD721B}.Release|Any CPU.ActiveCfg = Release|Any CPU
		{D4D59D5B-C3AE-48C8-9113-7EBD09FD721B}.Release|Any CPU.Build.0 = Release|Any CPU
		{D4D59D5B-C3AE-48C8-9113-7EBD09FD721B}.Release|Mixed Platforms.ActiveCfg = Release|Any CPU
		{D4D59D5B-C3AE-48C8-9113-7EBD09FD721B}.Release|Mixed Platforms.Build.0 = Release|Any CPU
		{D4D59D5B-C3AE-48C8-9113-7EBD09FD721B}.Release|x86.ActiveCfg = Release|Any CPU
		{CFFC0433-2DD9-49B0-AFE5-8FB513DD24FE}.Debug|Any CPU.ActiveCfg = Debug|Any CPU
		{CFFC0433-2DD9-49B0-AFE5-8FB513DD24FE}.Debug|Any CPU.Build.0 = Debug|Any CPU
		{CFFC0433-2DD9-49B0-AFE5-8FB513DD24FE}.Debug|Mixed Platforms.ActiveCfg = Debug|Any CPU
		{CFFC0433-2DD9-49B0-AFE5-8FB513DD24FE}.Debug|Mixed Platforms.Build.0 = Debug|Any CPU
		{CFFC0433-2DD9-49B0-AFE5-8FB513DD24FE}.Debug|x86.ActiveCfg = Debug|Any CPU
		{CFFC0433-2DD9-49B0-AFE5-8FB513DD24FE}.DebugProfile|Any CPU.ActiveCfg = Debug|Any CPU
		{CFFC0433-2DD9-49B0-AFE5-8FB513DD24FE}.DebugProfile|Any CPU.Build.0 = Debug|Any CPU
		{CFFC0433-2DD9-49B0-AFE5-8FB513DD24FE}.DebugProfile|Mixed Platforms.ActiveCfg = Debug|Any CPU
		{CFFC0433-2DD9-49B0-AFE5-8FB513DD24FE}.DebugProfile|Mixed Platforms.Build.0 = Debug|Any CPU
		{CFFC0433-2DD9-49B0-AFE5-8FB513DD24FE}.DebugProfile|x86.ActiveCfg = Debug|Any CPU
		{CFFC0433-2DD9-49B0-AFE5-8FB513DD24FE}.Profile|Any CPU.ActiveCfg = Release|Any CPU
		{CFFC0433-2DD9-49B0-AFE5-8FB513DD24FE}.Profile|Any CPU.Build.0 = Release|Any CPU
		{CFFC0433-2DD9-49B0-AFE5-8FB513DD24FE}.Profile|Mixed Platforms.ActiveCfg = Release|Any CPU
		{CFFC0433-2DD9-49B0-AFE5-8FB513DD24FE}.Profile|Mixed Platforms.Build.0 = Release|Any CPU
		{CFFC0433-2DD9-49B0-AFE5-8FB513DD24FE}.Profile|x86.ActiveCfg = Release|Any CPU
		{CFFC0433-2DD9-49B0-AFE5-8FB513DD24FE}.Release|Any CPU.ActiveCfg = Release|Any CPU
		{CFFC0433-2DD9-49B0-AFE5-8FB513DD24FE}.Release|Any CPU.Build.0 = Release|Any CPU
		{CFFC0433-2DD9-49B0-AFE5-8FB513DD24FE}.Release|Mixed Platforms.ActiveCfg = Release|Any CPU
		{CFFC0433-2DD9-49B0-AFE5-8FB513DD24FE}.Release|Mixed Platforms.Build.0 = Release|Any CPU
		{CFFC0433-2DD9-49B0-AFE5-8FB513DD24FE}.Release|x86.ActiveCfg = Release|Any CPU
	EndGlobalSection
	GlobalSection(SolutionProperties) = preSolution
		HideSolutionNode = FALSE
	EndGlobalSection
	GlobalSection(NestedProjects) = preSolution
		{71B312F5-1697-4CBD-BE67-AC0D3C34D115} = {CEF3C4D9-560C-4C22-BEE8-4BB1ADB53161}
		{9F339A9B-201E-4D8E-B44A-3E25950BAE5A} = {CEF3C4D9-560C-4C22-BEE8-4BB1ADB53161}
		{FEB70393-A1C4-433A-AE50-8B16B276EAE3} = {CEF3C4D9-560C-4C22-BEE8-4BB1ADB53161}
	EndGlobalSection
	GlobalSection(ExtensibilityGlobals) = postSolution
		EnterpriseLibraryConfigurationToolBinariesPath = packages\Unity.2.1.505.2\lib\NET35
	EndGlobalSection
EndGlobal
